
Microsoft Visual Studio Solution File, Format Version 12.00
# Visual Studio Version 17
VisualStudioVersion = 17.5.33424.131
MinimumVisualStudioVersion = 10.0.40219.1
Project("{FAE04EC0-301F-11D3-BF4B-00C04F79EFBC}") = "BookStoreApi", "BookStoreApi\BookStoreApi.csproj", "{4681FDF1-F6A7-4F7B-9667-0FD54224A78E}"
EndProject
Global
	GlobalSection(SolutionConfigurationPlatforms) = preSolution
		Debug|Any CPU = Debug|Any CPU
		Release|Any CPU = Release|Any CPU
	EndGlobalSection
	GlobalSection(ProjectConfigurationPlatforms) = postSolution
		{4681FDF1-F6A7-4F7B-9667-0FD54224A78E}.Debug|Any CPU.ActiveCfg = Debug|Any CPU
		{4681FDF1-F6A7-4F7B-9667-0FD54224A78E}.Debug|Any CPU.Build.0 = Debug|Any CPU
		{4681FDF1-F6A7-4F7B-9667-0FD54224A78E}.Release|Any CPU.ActiveCfg = Release|Any CPU
		{4681FDF1-F6A7-4F7B-9667-0FD54224A78E}.Release|Any CPU.Build.0 = Release|Any CPU
	EndGlobalSection
	GlobalSection(SolutionProperties) = preSolution
		HideSolutionNode = FALSE
	EndGlobalSection
	GlobalSection(ExtensibilityGlobals) = postSolution
		SolutionGuid = {9E669A58-6112-4F74-8C78-B5FBF9D91591}
	EndGlobalSection
EndGlobal
